
Microsoft Visual Studio Solution File, Format Version 12.00
# Visual Studio 15
VisualStudioVersion = 15.0.27703.2035
MinimumVisualStudioVersion = 10.0.40219.1
Project("{2150E333-8FDC-42A3-9474-1A3956D46DE8}") = "_UboConfigTool Common", "_UboConfigTool Common", "{E3937724-119A-43A4-A729-F695D4853F20}"
EndProject
Project("{2150E333-8FDC-42A3-9474-1A3956D46DE8}") = "Modules", "Modules", "{01B8FBDC-37A6-41B7-8E0D-DEAB4FCA28E8}"
EndProject
Project("{FAE04EC0-301F-11D3-BF4B-00C04F79EFBC}") = "UboConfigTool.Infrastructure", "Desktop\UboConfigTool.Infrastructure\UboConfigTool.Infrastructure.csproj", "{06C15AA2-155E-465E-9277-F78AD98849D4}"
EndProject
Project("{FAE04EC0-301F-11D3-BF4B-00C04F79EFBC}") = "CFLMedCab", "Desktop\UboConfigTool\CFLMedCab.csproj", "{17240927-F491-4A5B-BFBC-8F3943915320}"
EndProject
Project("{FAE04EC0-301F-11D3-BF4B-00C04F79EFBC}") = "UboConfigTool.Modules.UBO", "Desktop\UboConfigTool.Modules.UBO\UboConfigTool.Modules.UBO.csproj", "{5EC7535E-734B-41A6-9D6E-13C805F81DCA}"
EndProject
Project("{FAE04EC0-301F-11D3-BF4B-00C04F79EFBC}") = "UboConfigTool.Modules.User", "Desktop\UboConfigTool.Modules.User\UboConfigTool.Modules.User.csproj", "{212638E4-87DF-4F16-ADF8-542D0D5B272B}"
EndProject
Project("{FAE04EC0-301F-11D3-BF4B-00C04F79EFBC}") = "UboConfigTool.Modules.Logging", "Desktop\UboConfigTool.Modules.Logging\UboConfigTool.Modules.Logging.csproj", "{65E2F307-76BC-4776-B8CC-25026DF65469}"
EndProject
Project("{FAE04EC0-301F-11D3-BF4B-00C04F79EFBC}") = "UboConfigTool.Controls", "Desktop\UboConfigTool.Controls\UboConfigTool.Controls.csproj", "{FF2FFDFA-8F02-4CAF-9F38-869CA9D28924}"
	ProjectSection(ProjectDependencies) = postProject
		{06C15AA2-155E-465E-9277-F78AD98849D4} = {06C15AA2-155E-465E-9277-F78AD98849D4}
	EndProjectSection
EndProject
Global
	GlobalSection(SolutionConfigurationPlatforms) = preSolution
		Debug|Any CPU = Debug|Any CPU
		Release|Any CPU = Release|Any CPU
	EndGlobalSection
	GlobalSection(ProjectConfigurationPlatforms) = postSolution
		{06C15AA2-155E-465E-9277-F78AD98849D4}.Debug|Any CPU.ActiveCfg = Debug|Any CPU
		{06C15AA2-155E-465E-9277-F78AD98849D4}.Debug|Any CPU.Build.0 = Debug|Any CPU
		{06C15AA2-155E-465E-9277-F78AD98849D4}.Release|Any CPU.ActiveCfg = Release|Any CPU
		{06C15AA2-155E-465E-9277-F78AD98849D4}.Release|Any CPU.Build.0 = Release|Any CPU
		{17240927-F491-4A5B-BFBC-8F3943915320}.Debug|Any CPU.ActiveCfg = Debug|Any CPU
		{17240927-F491-4A5B-BFBC-8F3943915320}.Debug|Any CPU.Build.0 = Debug|Any CPU
		{17240927-F491-4A5B-BFBC-8F3943915320}.Release|Any CPU.ActiveCfg = Release|Any CPU
		{17240927-F491-4A5B-BFBC-8F3943915320}.Release|Any CPU.Build.0 = Release|Any CPU
		{5EC7535E-734B-41A6-9D6E-13C805F81DCA}.Debug|Any CPU.ActiveCfg = Debug|Any CPU
		{5EC7535E-734B-41A6-9D6E-13C805F81DCA}.Debug|Any CPU.Build.0 = Debug|Any CPU
		{5EC7535E-734B-41A6-9D6E-13C805F81DCA}.Release|Any CPU.ActiveCfg = Release|Any CPU
		{5EC7535E-734B-41A6-9D6E-13C805F81DCA}.Release|Any CPU.Build.0 = Release|Any CPU
		{212638E4-87DF-4F16-ADF8-542D0D5B272B}.Debug|Any CPU.ActiveCfg = Debug|Any CPU
		{212638E4-87DF-4F16-ADF8-542D0D5B272B}.Debug|Any CPU.Build.0 = Debug|Any CPU
		{212638E4-87DF-4F16-ADF8-542D0D5B272B}.Release|Any CPU.ActiveCfg = Release|Any CPU
		{212638E4-87DF-4F16-ADF8-542D0D5B272B}.Release|Any CPU.Build.0 = Release|Any CPU
		{65E2F307-76BC-4776-B8CC-25026DF65469}.Debug|Any CPU.ActiveCfg = Debug|Any CPU
		{65E2F307-76BC-4776-B8CC-25026DF65469}.Debug|Any CPU.Build.0 = Debug|Any CPU
		{65E2F307-76BC-4776-B8CC-25026DF65469}.Release|Any CPU.ActiveCfg = Release|Any CPU
		{65E2F307-76BC-4776-B8CC-25026DF65469}.Release|Any CPU.Build.0 = Release|Any CPU
		{FF2FFDFA-8F02-4CAF-9F38-869CA9D28924}.Debug|Any CPU.ActiveCfg = Debug|Any CPU
		{FF2FFDFA-8F02-4CAF-9F38-869CA9D28924}.Debug|Any CPU.Build.0 = Debug|Any CPU
		{FF2FFDFA-8F02-4CAF-9F38-869CA9D28924}.Release|Any CPU.ActiveCfg = Release|Any CPU
		{FF2FFDFA-8F02-4CAF-9F38-869CA9D28924}.Release|Any CPU.Build.0 = Release|Any CPU
	EndGlobalSection
	GlobalSection(SolutionProperties) = preSolution
		HideSolutionNode = FALSE
	EndGlobalSection
	GlobalSection(NestedProjects) = preSolution
		{06C15AA2-155E-465E-9277-F78AD98849D4} = {E3937724-119A-43A4-A729-F695D4853F20}
		{5EC7535E-734B-41A6-9D6E-13C805F81DCA} = {01B8FBDC-37A6-41B7-8E0D-DEAB4FCA28E8}
		{212638E4-87DF-4F16-ADF8-542D0D5B272B} = {01B8FBDC-37A6-41B7-8E0D-DEAB4FCA28E8}
		{65E2F307-76BC-4776-B8CC-25026DF65469} = {01B8FBDC-37A6-41B7-8E0D-DEAB4FCA28E8}
		{FF2FFDFA-8F02-4CAF-9F38-869CA9D28924} = {E3937724-119A-43A4-A729-F695D4853F20}
	EndGlobalSection
	GlobalSection(ExtensibilityGlobals) = postSolution
		SolutionGuid = {D86536F2-FEF1-41EB-B683-B6C04CC07D06}
	EndGlobalSection
EndGlobal
